{
  "name": "ng-appworks",
  "version": "0.0.1",
  "lockfileVersion": 1,
  "requires": true,
  "dependencies": {
    "@types/cordova": {
      "version": "0.0.34",
      "resolved": "https://registry.npmjs.org/@types/cordova/-/cordova-0.0.34.tgz",
      "integrity": "sha1-6nrd907Ow9dimCegw54smt3HPQQ="
    },
    "appworks-js": {
      "version": "16.3.0",
      "resolved": "https://registry.npmjs.org/appworks-js/-/appworks-js-16.3.0.tgz",
      "integrity": "sha512-Wo4Gu47vnFZASaPrWOw3h5+djSJPY41rmnT+Sj6t+gF6AcvUR6o2u4Edx0+RrSeT62mIivfhlNXpoLGlQijpXw==",
      "requires": {
        "@types/cordova": "0.0.34",
        "lodash": "4.17.10"
      }
    },
    "lodash": {
      "version": "4.17.10",
      "resolved": "https://registry.npmjs.org/lodash/-/lodash-4.17.10.tgz",
      "integrity": "sha512-UejweD1pDoXu+AD825lWwp4ZGtSwgnpZxb3JDViD7StjQz+Nb/6l093lx4OQ0foGWNRoc19mWy7BzL+UAK2iVg=="
    }
  }
}
